
Microsoft Visual Studio Solution File, Format Version 12.00
# Visual Studio Version 17
VisualStudioVersion = 17.1.32228.430
MinimumVisualStudioVersion = 10.0.40219.1
Project("{F2A71F9B-5D33-465A-A702-920D77279786}") = "BlueIns.CourseMgt", "BlueIns.CourseMgt\BlueIns.CourseMgt.fsproj", "{445B4810-D93D-4ECE-B906-042555990C47}"
EndProject
Global
	GlobalSection(SolutionConfigurationPlatforms) = preSolution
		Debug|Any CPU = Debug|Any CPU
		Release|Any CPU = Release|Any CPU
	EndGlobalSection
	GlobalSection(ProjectConfigurationPlatforms) = postSolution
		{445B4810-D93D-4ECE-B906-042555990C47}.Debug|Any CPU.ActiveCfg = Debug|Any CPU
		{445B4810-D93D-4ECE-B906-042555990C47}.Debug|Any CPU.Build.0 = Debug|Any CPU
		{445B4810-D93D-4ECE-B906-042555990C47}.Release|Any CPU.ActiveCfg = Release|Any CPU
		{445B4810-D93D-4ECE-B906-042555990C47}.Release|Any CPU.Build.0 = Release|Any CPU
	EndGlobalSection
	GlobalSection(SolutionProperties) = preSolution
		HideSolutionNode = FALSE
	EndGlobalSection
	GlobalSection(ExtensibilityGlobals) = postSolution
		SolutionGuid = {CF158A81-56D0-4DC1-B07F-BD4323806DF2}
	EndGlobalSection
EndGlobal
