
Microsoft Visual Studio Solution File, Format Version 12.00
# Visual Studio Version 17
VisualStudioVersion = 17.1.32228.430
MinimumVisualStudioVersion = 10.0.40219.1
Project("{FAE04EC0-301F-11D3-BF4B-00C04F79EFBC}") = "BlueIns.CourseMgt.Web", "BlueIns.CourseMgt\BlueIns.CourseMgt.Web.csproj", "{047020DC-8C82-42AE-A3DB-7A85A4DAAC2A}"
EndProject
Project("{FAE04EC0-301F-11D3-BF4B-00C04F79EFBC}") = "BlueIns.CourseMgt.DomainModel", "BlueIns.CourseMgt.DomainModel\BlueIns.CourseMgt.DomainModel.csproj", "{6F0A035F-4CDB-4918-98E9-F830D2404C2F}"
EndProject
Project("{FAE04EC0-301F-11D3-BF4B-00C04F79EFBC}") = "BlueIns.CourseMgt.BusinessService", "BlueIns.CourseMgt.BusinessService\BlueIns.CourseMgt.BusinessService.csproj", "{57194EA2-DDD3-4723-A63C-AAFF28F2C484}"
EndProject
Project("{FAE04EC0-301F-11D3-BF4B-00C04F79EFBC}") = "BlueIns.CourseMgt.DataAccessLayer", "BlueIns.CourseMgt.DataAccessLayer\BlueIns.CourseMgt.DataAccessLayer.csproj", "{C1B1678A-4130-4D21-8C46-407267FFF17E}"
EndProject
Global
	GlobalSection(SolutionConfigurationPlatforms) = preSolution
		Debug|Any CPU = Debug|Any CPU
		Release|Any CPU = Release|Any CPU
	EndGlobalSection
	GlobalSection(ProjectConfigurationPlatforms) = postSolution
		{047020DC-8C82-42AE-A3DB-7A85A4DAAC2A}.Debug|Any CPU.ActiveCfg = Debug|Any CPU
		{047020DC-8C82-42AE-A3DB-7A85A4DAAC2A}.Debug|Any CPU.Build.0 = Debug|Any CPU
		{047020DC-8C82-42AE-A3DB-7A85A4DAAC2A}.Release|Any CPU.ActiveCfg = Release|Any CPU
		{047020DC-8C82-42AE-A3DB-7A85A4DAAC2A}.Release|Any CPU.Build.0 = Release|Any CPU
		{6F0A035F-4CDB-4918-98E9-F830D2404C2F}.Debug|Any CPU.ActiveCfg = Debug|Any CPU
		{6F0A035F-4CDB-4918-98E9-F830D2404C2F}.Debug|Any CPU.Build.0 = Debug|Any CPU
		{6F0A035F-4CDB-4918-98E9-F830D2404C2F}.Release|Any CPU.ActiveCfg = Release|Any CPU
		{6F0A035F-4CDB-4918-98E9-F830D2404C2F}.Release|Any CPU.Build.0 = Release|Any CPU
		{57194EA2-DDD3-4723-A63C-AAFF28F2C484}.Debug|Any CPU.ActiveCfg = Debug|Any CPU
		{57194EA2-DDD3-4723-A63C-AAFF28F2C484}.Debug|Any CPU.Build.0 = Debug|Any CPU
		{57194EA2-DDD3-4723-A63C-AAFF28F2C484}.Release|Any CPU.ActiveCfg = Release|Any CPU
		{57194EA2-DDD3-4723-A63C-AAFF28F2C484}.Release|Any CPU.Build.0 = Release|Any CPU
		{C1B1678A-4130-4D21-8C46-407267FFF17E}.Debug|Any CPU.ActiveCfg = Debug|Any CPU
		{C1B1678A-4130-4D21-8C46-407267FFF17E}.Debug|Any CPU.Build.0 = Debug|Any CPU
		{C1B1678A-4130-4D21-8C46-407267FFF17E}.Release|Any CPU.ActiveCfg = Release|Any CPU
		{C1B1678A-4130-4D21-8C46-407267FFF17E}.Release|Any CPU.Build.0 = Release|Any CPU
	EndGlobalSection
	GlobalSection(SolutionProperties) = preSolution
		HideSolutionNode = FALSE
	EndGlobalSection
	GlobalSection(ExtensibilityGlobals) = postSolution
		SolutionGuid = {90363291-AD1D-45C0-A45C-AA2FD8043F6B}
	EndGlobalSection
EndGlobal
